
Microsoft Visual Studio Solution File, Format Version 12.00
Project("{FAE04EC0-301F-11D3-BF4B-00C04F79EFBC}") = "_0482_LicenseKeyFormatting_202001", "_0482_LicenseKeyFormatting_202001\_0482_LicenseKeyFormatting_202001.csproj", "{66D16F53-2559-4DD7-90FF-0753F7CB084C}"
EndProject
Global
	GlobalSection(SolutionConfigurationPlatforms) = preSolution
		Debug|Any CPU = Debug|Any CPU
		Release|Any CPU = Release|Any CPU
	EndGlobalSection
	GlobalSection(ProjectConfigurationPlatforms) = postSolution
		{66D16F53-2559-4DD7-90FF-0753F7CB084C}.Debug|Any CPU.ActiveCfg = Debug|Any CPU
		{66D16F53-2559-4DD7-90FF-0753F7CB084C}.Debug|Any CPU.Build.0 = Debug|Any CPU
		{66D16F53-2559-4DD7-90FF-0753F7CB084C}.Release|Any CPU.ActiveCfg = Release|Any CPU
		{66D16F53-2559-4DD7-90FF-0753F7CB084C}.Release|Any CPU.Build.0 = Release|Any CPU
	EndGlobalSection
EndGlobal
