
Microsoft Visual Studio Solution File, Format Version 12.00
Project("{FAE04EC0-301F-11D3-BF4B-00C04F79EFBC}") = "_0504_Base7_20200121", "_0504_Base7_20200121\_0504_Base7_20200121.csproj", "{FA72916F-844A-4EFE-91D3-CC679C2C309A}"
EndProject
Global
	GlobalSection(SolutionConfigurationPlatforms) = preSolution
		Debug|Any CPU = Debug|Any CPU
		Release|Any CPU = Release|Any CPU
	EndGlobalSection
	GlobalSection(ProjectConfigurationPlatforms) = postSolution
		{FA72916F-844A-4EFE-91D3-CC679C2C309A}.Debug|Any CPU.ActiveCfg = Debug|Any CPU
		{FA72916F-844A-4EFE-91D3-CC679C2C309A}.Debug|Any CPU.Build.0 = Debug|Any CPU
		{FA72916F-844A-4EFE-91D3-CC679C2C309A}.Release|Any CPU.ActiveCfg = Release|Any CPU
		{FA72916F-844A-4EFE-91D3-CC679C2C309A}.Release|Any CPU.Build.0 = Release|Any CPU
	EndGlobalSection
EndGlobal
