
Microsoft Visual Studio Solution File, Format Version 12.00
Project("{FAE04EC0-301F-11D3-BF4B-00C04F79EFBC}") = "_0500_KeyboardRow_20200119", "_0500_KeyboardRow_20200119\_0500_KeyboardRow_20200119.csproj", "{714B0F52-C6A3-452D-87C2-AFA7F0E93EDF}"
EndProject
Global
	GlobalSection(SolutionConfigurationPlatforms) = preSolution
		Debug|Any CPU = Debug|Any CPU
		Release|Any CPU = Release|Any CPU
	EndGlobalSection
	GlobalSection(ProjectConfigurationPlatforms) = postSolution
		{714B0F52-C6A3-452D-87C2-AFA7F0E93EDF}.Debug|Any CPU.ActiveCfg = Debug|Any CPU
		{714B0F52-C6A3-452D-87C2-AFA7F0E93EDF}.Debug|Any CPU.Build.0 = Debug|Any CPU
		{714B0F52-C6A3-452D-87C2-AFA7F0E93EDF}.Release|Any CPU.ActiveCfg = Release|Any CPU
		{714B0F52-C6A3-452D-87C2-AFA7F0E93EDF}.Release|Any CPU.Build.0 = Release|Any CPU
	EndGlobalSection
EndGlobal
