
Microsoft Visual Studio Solution File, Format Version 12.00
Project("{FAE04EC0-301F-11D3-BF4B-00C04F79EFBC}") = "_0501_FindModeInBinarySearchTree_20200123", "_0501_FindModeInBinarySearchTree_20200123\_0501_FindModeInBinarySearchTree_20200123.csproj", "{EAA518E5-11B4-4CB0-BE50-A1DD0E624A6D}"
EndProject
Global
	GlobalSection(SolutionConfigurationPlatforms) = preSolution
		Debug|Any CPU = Debug|Any CPU
		Release|Any CPU = Release|Any CPU
	EndGlobalSection
	GlobalSection(ProjectConfigurationPlatforms) = postSolution
		{EAA518E5-11B4-4CB0-BE50-A1DD0E624A6D}.Debug|Any CPU.ActiveCfg = Debug|Any CPU
		{EAA518E5-11B4-4CB0-BE50-A1DD0E624A6D}.Debug|Any CPU.Build.0 = Debug|Any CPU
		{EAA518E5-11B4-4CB0-BE50-A1DD0E624A6D}.Release|Any CPU.ActiveCfg = Release|Any CPU
		{EAA518E5-11B4-4CB0-BE50-A1DD0E624A6D}.Release|Any CPU.Build.0 = Release|Any CPU
	EndGlobalSection
EndGlobal
